
Microsoft Visual Studio Solution File, Format Version 12.00
# Visual Studio Version 17
VisualStudioVersion = 17.2.32519.379
MinimumVisualStudioVersion = 10.0.40219.1
Project("{9A19103F-16F7-4668-BE54-9A1E7A4F7556}") = "tryCatch", "tryCatch\tryCatch.csproj", "{B6E5B5E4-6370-43AA-B51F-A2533235744C}"
EndProject
Project("{9A19103F-16F7-4668-BE54-9A1E7A4F7556}") = "ornekler", "ornekler\ornekler.csproj", "{6006B53A-E6F3-47A1-8B94-79BAC6FC2175}"
EndProject
Project("{9A19103F-16F7-4668-BE54-9A1E7A4F7556}") = "WinFormsAppPractice", "WinFormsAppPractice\WinFormsAppPractice.csproj", "{B37ED3ED-F4BE-4911-BC8D-FFD6259357AD}"
EndProject
Project("{9A19103F-16F7-4668-BE54-9A1E7A4F7556}") = "MethodsLecture", "MethodsLecture\MethodsLecture.csproj", "{3407BEFD-B700-4564-AC01-D232B982F21C}"
EndProject
Project("{9A19103F-16F7-4668-BE54-9A1E7A4F7556}") = "MetodDers2", "MetodDers2\MetodDers2.csproj", "{B9504F4E-A818-4C82-99C5-240B088E5BF5}"
EndProject
Project("{9A19103F-16F7-4668-BE54-9A1E7A4F7556}") = "WinSansur", "WinSansur\WinSansur.csproj", "{7F469695-DCE3-4B98-ACDA-CEF669FF3FBF}"
EndProject
Project("{9A19103F-16F7-4668-BE54-9A1E7A4F7556}") = "DateMethods", "DateMethods\DateMethods.csproj", "{921D5465-28B8-42E4-AB88-40A2DF6DD8E8}"
EndProject
Project("{9A19103F-16F7-4668-BE54-9A1E7A4F7556}") = "Sistem_IO", "Sistem_IO\Sistem_IO.csproj", "{0A2F66A7-56DE-4CCF-9963-61F3F2BC8417}"
EndProject
Project("{9A19103F-16F7-4668-BE54-9A1E7A4F7556}") = "NotePadProject", "NotePadProject\NotePadProject.csproj", "{70781CCC-AEBD-425D-8362-4403C184BA7C}"
EndProject
Project("{9A19103F-16F7-4668-BE54-9A1E7A4F7556}") = "PersonelTakip", "PersonelTakip\PersonelTakip.csproj", "{6ECD4BA0-EFA6-4F26-B136-348A94861B38}"
EndProject
Project("{2150E333-8FDC-42A3-9474-1A3956D46DE8}") = "OOP", "OOP", "{AFD47536-04FC-4D8F-82BE-A8545703D0CF}"
EndProject
Project("{9A19103F-16F7-4668-BE54-9A1E7A4F7556}") = "Inheritence", "Inheritence\Inheritence.csproj", "{523F1869-987C-4B74-B8E0-23B6785351F8}"
EndProject
Project("{9A19103F-16F7-4668-BE54-9A1E7A4F7556}") = "PolyMorphism", "PolyMorphism\PolyMorphism.csproj", "{D1E09E94-B569-4E10-B2C8-3359B33DE1F0}"
EndProject
Project("{9A19103F-16F7-4668-BE54-9A1E7A4F7556}") = "Abstraction", "Abstraction\Abstraction.csproj", "{7A6FFF3C-86CB-4E37-A010-5F951E784257}"
EndProject
Project("{9A19103F-16F7-4668-BE54-9A1E7A4F7556}") = "SRP", "SRP\SRP.csproj", "{1125BA9E-0763-4D7D-8D2B-0E5EF1C9E610}"
EndProject
Project("{9A19103F-16F7-4668-BE54-9A1E7A4F7556}") = "OCP", "OCP\OCP.csproj", "{4B610653-E461-46D6-847C-0D82E0DEF8F5}"
EndProject
Project("{9A19103F-16F7-4668-BE54-9A1E7A4F7556}") = "LSP", "LSP\LSP.csproj", "{E8250D69-447A-456D-A59C-3A77C83AD325}"
EndProject
Project("{9A19103F-16F7-4668-BE54-9A1E7A4F7556}") = "ISP", "ISP\ISP.csproj", "{DA76A86C-C73A-4B44-B9C5-E4DEE23BE7E2}"
EndProject
Project("{9A19103F-16F7-4668-BE54-9A1E7A4F7556}") = "DIP", "DIP\DIP.csproj", "{9F008466-1999-4A8F-99D6-47088BC65F98}"
EndProject
Project("{2150E333-8FDC-42A3-9474-1A3956D46DE8}") = "DesignPatterns", "DesignPatterns", "{3ABECA3D-686E-4C25-86F7-453DB192C0DE}"
EndProject
Project("{9A19103F-16F7-4668-BE54-9A1E7A4F7556}") = "CreationalDesignPattern", "CreationalDesignPattern\CreationalDesignPattern.csproj", "{AFBCF5B5-764A-4D1C-963E-A68BFA27A021}"
EndProject
Project("{2150E333-8FDC-42A3-9474-1A3956D46DE8}") = "BehiveoralPatterns", "BehiveoralPatterns", "{939CB373-24B6-42DE-BE77-599EF58E2BEA}"
EndProject
Project("{9A19103F-16F7-4668-BE54-9A1E7A4F7556}") = "MediatorPattern", "MediatorPattern\MediatorPattern.csproj", "{262974B6-12F5-499D-9268-BC366A4DEE6F}"
EndProject
Project("{9A19103F-16F7-4668-BE54-9A1E7A4F7556}") = "ChainOfResponsibility", "ChainOfResponsibility\ChainOfResponsibility.csproj", "{8C0B52AD-690B-45AE-BE2D-3AF906F74983}"
EndProject
Project("{2150E333-8FDC-42A3-9474-1A3956D46DE8}") = "StructuralPatterns", "StructuralPatterns", "{D2A77433-0C64-40E7-83FA-AB091D792D65}"
EndProject
Project("{9A19103F-16F7-4668-BE54-9A1E7A4F7556}") = "Adapter", "Adapter\Adapter.csproj", "{938C3671-7DA8-4727-A218-01D56DA2D840}"
EndProject
Project("{2150E333-8FDC-42A3-9474-1A3956D46DE8}") = "DataAccess", "DataAccess", "{D9A94B6A-9196-4060-AEF8-1EA04D45FE67}"
EndProject
Project("{9A19103F-16F7-4668-BE54-9A1E7A4F7556}") = "SqlConnectionTest", "SqlConnectionTest\SqlConnectionTest.csproj", "{80E64D0B-608F-4C41-8B1E-D043088B380E}"
EndProject
Project("{9A19103F-16F7-4668-BE54-9A1E7A4F7556}") = "PostgreConnection", "PostgreConnection\PostgreConnection.csproj", "{A0694340-F2A5-4425-9BD6-C698A3527FB5}"
EndProject
Project("{9A19103F-16F7-4668-BE54-9A1E7A4F7556}") = "WinSql", "WinSql\WinSql.csproj", "{A1F481BF-65B2-4F03-AC7B-C187068134B5}"
EndProject
Project("{9A19103F-16F7-4668-BE54-9A1E7A4F7556}") = "EntitiyFWBeginner", "EntitiyFWBeginner\EntitiyFWBeginner.csproj", "{FC282338-7199-4C86-BA29-798DF60A557C}"
EndProject
Project("{FAE04EC0-301F-11D3-BF4B-00C04F79EFBC}") = "LibraryPractice", "LibraryPractice\LibraryPractice.csproj", "{2A8C2E0C-EAF0-4A64-A5F4-89445CD594CD}"
EndProject
Global
	GlobalSection(SolutionConfigurationPlatforms) = preSolution
		Debug|Any CPU = Debug|Any CPU
		Release|Any CPU = Release|Any CPU
	EndGlobalSection
	GlobalSection(ProjectConfigurationPlatforms) = postSolution
		{B6E5B5E4-6370-43AA-B51F-A2533235744C}.Debug|Any CPU.ActiveCfg = Debug|Any CPU
		{B6E5B5E4-6370-43AA-B51F-A2533235744C}.Debug|Any CPU.Build.0 = Debug|Any CPU
		{B6E5B5E4-6370-43AA-B51F-A2533235744C}.Release|Any CPU.ActiveCfg = Release|Any CPU
		{B6E5B5E4-6370-43AA-B51F-A2533235744C}.Release|Any CPU.Build.0 = Release|Any CPU
		{6006B53A-E6F3-47A1-8B94-79BAC6FC2175}.Debug|Any CPU.ActiveCfg = Debug|Any CPU
		{6006B53A-E6F3-47A1-8B94-79BAC6FC2175}.Debug|Any CPU.Build.0 = Debug|Any CPU
		{6006B53A-E6F3-47A1-8B94-79BAC6FC2175}.Release|Any CPU.ActiveCfg = Release|Any CPU
		{6006B53A-E6F3-47A1-8B94-79BAC6FC2175}.Release|Any CPU.Build.0 = Release|Any CPU
		{B37ED3ED-F4BE-4911-BC8D-FFD6259357AD}.Debug|Any CPU.ActiveCfg = Debug|Any CPU
		{B37ED3ED-F4BE-4911-BC8D-FFD6259357AD}.Debug|Any CPU.Build.0 = Debug|Any CPU
		{B37ED3ED-F4BE-4911-BC8D-FFD6259357AD}.Release|Any CPU.ActiveCfg = Release|Any CPU
		{B37ED3ED-F4BE-4911-BC8D-FFD6259357AD}.Release|Any CPU.Build.0 = Release|Any CPU
		{3407BEFD-B700-4564-AC01-D232B982F21C}.Debug|Any CPU.ActiveCfg = Debug|Any CPU
		{3407BEFD-B700-4564-AC01-D232B982F21C}.Debug|Any CPU.Build.0 = Debug|Any CPU
		{3407BEFD-B700-4564-AC01-D232B982F21C}.Release|Any CPU.ActiveCfg = Release|Any CPU
		{3407BEFD-B700-4564-AC01-D232B982F21C}.Release|Any CPU.Build.0 = Release|Any CPU
		{B9504F4E-A818-4C82-99C5-240B088E5BF5}.Debug|Any CPU.ActiveCfg = Debug|Any CPU
		{B9504F4E-A818-4C82-99C5-240B088E5BF5}.Debug|Any CPU.Build.0 = Debug|Any CPU
		{B9504F4E-A818-4C82-99C5-240B088E5BF5}.Release|Any CPU.ActiveCfg = Release|Any CPU
		{B9504F4E-A818-4C82-99C5-240B088E5BF5}.Release|Any CPU.Build.0 = Release|Any CPU
		{7F469695-DCE3-4B98-ACDA-CEF669FF3FBF}.Debug|Any CPU.ActiveCfg = Debug|Any CPU
		{7F469695-DCE3-4B98-ACDA-CEF669FF3FBF}.Debug|Any CPU.Build.0 = Debug|Any CPU
		{7F469695-DCE3-4B98-ACDA-CEF669FF3FBF}.Release|Any CPU.ActiveCfg = Release|Any CPU
		{7F469695-DCE3-4B98-ACDA-CEF669FF3FBF}.Release|Any CPU.Build.0 = Release|Any CPU
		{921D5465-28B8-42E4-AB88-40A2DF6DD8E8}.Debug|Any CPU.ActiveCfg = Debug|Any CPU
		{921D5465-28B8-42E4-AB88-40A2DF6DD8E8}.Debug|Any CPU.Build.0 = Debug|Any CPU
		{921D5465-28B8-42E4-AB88-40A2DF6DD8E8}.Release|Any CPU.ActiveCfg = Release|Any CPU
		{921D5465-28B8-42E4-AB88-40A2DF6DD8E8}.Release|Any CPU.Build.0 = Release|Any CPU
		{0A2F66A7-56DE-4CCF-9963-61F3F2BC8417}.Debug|Any CPU.ActiveCfg = Debug|Any CPU
		{0A2F66A7-56DE-4CCF-9963-61F3F2BC8417}.Debug|Any CPU.Build.0 = Debug|Any CPU
		{0A2F66A7-56DE-4CCF-9963-61F3F2BC8417}.Release|Any CPU.ActiveCfg = Release|Any CPU
		{0A2F66A7-56DE-4CCF-9963-61F3F2BC8417}.Release|Any CPU.Build.0 = Release|Any CPU
		{70781CCC-AEBD-425D-8362-4403C184BA7C}.Debug|Any CPU.ActiveCfg = Debug|Any CPU
		{70781CCC-AEBD-425D-8362-4403C184BA7C}.Debug|Any CPU.Build.0 = Debug|Any CPU
		{70781CCC-AEBD-425D-8362-4403C184BA7C}.Release|Any CPU.ActiveCfg = Release|Any CPU
		{70781CCC-AEBD-425D-8362-4403C184BA7C}.Release|Any CPU.Build.0 = Release|Any CPU
		{6ECD4BA0-EFA6-4F26-B136-348A94861B38}.Debug|Any CPU.ActiveCfg = Debug|Any CPU
		{6ECD4BA0-EFA6-4F26-B136-348A94861B38}.Debug|Any CPU.Build.0 = Debug|Any CPU
		{6ECD4BA0-EFA6-4F26-B136-348A94861B38}.Release|Any CPU.ActiveCfg = Release|Any CPU
		{6ECD4BA0-EFA6-4F26-B136-348A94861B38}.Release|Any CPU.Build.0 = Release|Any CPU
		{523F1869-987C-4B74-B8E0-23B6785351F8}.Debug|Any CPU.ActiveCfg = Debug|Any CPU
		{523F1869-987C-4B74-B8E0-23B6785351F8}.Debug|Any CPU.Build.0 = Debug|Any CPU
		{523F1869-987C-4B74-B8E0-23B6785351F8}.Release|Any CPU.ActiveCfg = Release|Any CPU
		{523F1869-987C-4B74-B8E0-23B6785351F8}.Release|Any CPU.Build.0 = Release|Any CPU
		{D1E09E94-B569-4E10-B2C8-3359B33DE1F0}.Debug|Any CPU.ActiveCfg = Debug|Any CPU
		{D1E09E94-B569-4E10-B2C8-3359B33DE1F0}.Debug|Any CPU.Build.0 = Debug|Any CPU
		{D1E09E94-B569-4E10-B2C8-3359B33DE1F0}.Release|Any CPU.ActiveCfg = Release|Any CPU
		{D1E09E94-B569-4E10-B2C8-3359B33DE1F0}.Release|Any CPU.Build.0 = Release|Any CPU
		{7A6FFF3C-86CB-4E37-A010-5F951E784257}.Debug|Any CPU.ActiveCfg = Debug|Any CPU
		{7A6FFF3C-86CB-4E37-A010-5F951E784257}.Debug|Any CPU.Build.0 = Debug|Any CPU
		{7A6FFF3C-86CB-4E37-A010-5F951E784257}.Release|Any CPU.ActiveCfg = Release|Any CPU
		{7A6FFF3C-86CB-4E37-A010-5F951E784257}.Release|Any CPU.Build.0 = Release|Any CPU
		{1125BA9E-0763-4D7D-8D2B-0E5EF1C9E610}.Debug|Any CPU.ActiveCfg = Debug|Any CPU
		{1125BA9E-0763-4D7D-8D2B-0E5EF1C9E610}.Debug|Any CPU.Build.0 = Debug|Any CPU
		{1125BA9E-0763-4D7D-8D2B-0E5EF1C9E610}.Release|Any CPU.ActiveCfg = Release|Any CPU
		{1125BA9E-0763-4D7D-8D2B-0E5EF1C9E610}.Release|Any CPU.Build.0 = Release|Any CPU
		{4B610653-E461-46D6-847C-0D82E0DEF8F5}.Debug|Any CPU.ActiveCfg = Debug|Any CPU
		{4B610653-E461-46D6-847C-0D82E0DEF8F5}.Debug|Any CPU.Build.0 = Debug|Any CPU
		{4B610653-E461-46D6-847C-0D82E0DEF8F5}.Release|Any CPU.ActiveCfg = Release|Any CPU
		{4B610653-E461-46D6-847C-0D82E0DEF8F5}.Release|Any CPU.Build.0 = Release|Any CPU
		{E8250D69-447A-456D-A59C-3A77C83AD325}.Debug|Any CPU.ActiveCfg = Debug|Any CPU
		{E8250D69-447A-456D-A59C-3A77C83AD325}.Debug|Any CPU.Build.0 = Debug|Any CPU
		{E8250D69-447A-456D-A59C-3A77C83AD325}.Release|Any CPU.ActiveCfg = Release|Any CPU
		{E8250D69-447A-456D-A59C-3A77C83AD325}.Release|Any CPU.Build.0 = Release|Any CPU
		{DA76A86C-C73A-4B44-B9C5-E4DEE23BE7E2}.Debug|Any CPU.ActiveCfg = Debug|Any CPU
		{DA76A86C-C73A-4B44-B9C5-E4DEE23BE7E2}.Debug|Any CPU.Build.0 = Debug|Any CPU
		{DA76A86C-C73A-4B44-B9C5-E4DEE23BE7E2}.Release|Any CPU.ActiveCfg = Release|Any CPU
		{DA76A86C-C73A-4B44-B9C5-E4DEE23BE7E2}.Release|Any CPU.Build.0 = Release|Any CPU
		{9F008466-1999-4A8F-99D6-47088BC65F98}.Debug|Any CPU.ActiveCfg = Debug|Any CPU
		{9F008466-1999-4A8F-99D6-47088BC65F98}.Debug|Any CPU.Build.0 = Debug|Any CPU
		{9F008466-1999-4A8F-99D6-47088BC65F98}.Release|Any CPU.ActiveCfg = Release|Any CPU
		{9F008466-1999-4A8F-99D6-47088BC65F98}.Release|Any CPU.Build.0 = Release|Any CPU
		{AFBCF5B5-764A-4D1C-963E-A68BFA27A021}.Debug|Any CPU.ActiveCfg = Debug|Any CPU
		{AFBCF5B5-764A-4D1C-963E-A68BFA27A021}.Debug|Any CPU.Build.0 = Debug|Any CPU
		{AFBCF5B5-764A-4D1C-963E-A68BFA27A021}.Release|Any CPU.ActiveCfg = Release|Any CPU
		{AFBCF5B5-764A-4D1C-963E-A68BFA27A021}.Release|Any CPU.Build.0 = Release|Any CPU
		{262974B6-12F5-499D-9268-BC366A4DEE6F}.Debug|Any CPU.ActiveCfg = Debug|Any CPU
		{262974B6-12F5-499D-9268-BC366A4DEE6F}.Debug|Any CPU.Build.0 = Debug|Any CPU
		{262974B6-12F5-499D-9268-BC366A4DEE6F}.Release|Any CPU.ActiveCfg = Release|Any CPU
		{262974B6-12F5-499D-9268-BC366A4DEE6F}.Release|Any CPU.Build.0 = Release|Any CPU
		{8C0B52AD-690B-45AE-BE2D-3AF906F74983}.Debug|Any CPU.ActiveCfg = Debug|Any CPU
		{8C0B52AD-690B-45AE-BE2D-3AF906F74983}.Debug|Any CPU.Build.0 = Debug|Any CPU
		{8C0B52AD-690B-45AE-BE2D-3AF906F74983}.Release|Any CPU.ActiveCfg = Release|Any CPU
		{8C0B52AD-690B-45AE-BE2D-3AF906F74983}.Release|Any CPU.Build.0 = Release|Any CPU
		{938C3671-7DA8-4727-A218-01D56DA2D840}.Debug|Any CPU.ActiveCfg = Debug|Any CPU
		{938C3671-7DA8-4727-A218-01D56DA2D840}.Debug|Any CPU.Build.0 = Debug|Any CPU
		{938C3671-7DA8-4727-A218-01D56DA2D840}.Release|Any CPU.ActiveCfg = Release|Any CPU
		{938C3671-7DA8-4727-A218-01D56DA2D840}.Release|Any CPU.Build.0 = Release|Any CPU
		{80E64D0B-608F-4C41-8B1E-D043088B380E}.Debug|Any CPU.ActiveCfg = Debug|Any CPU
		{80E64D0B-608F-4C41-8B1E-D043088B380E}.Debug|Any CPU.Build.0 = Debug|Any CPU
		{80E64D0B-608F-4C41-8B1E-D043088B380E}.Release|Any CPU.ActiveCfg = Release|Any CPU
		{80E64D0B-608F-4C41-8B1E-D043088B380E}.Release|Any CPU.Build.0 = Release|Any CPU
		{A0694340-F2A5-4425-9BD6-C698A3527FB5}.Debug|Any CPU.ActiveCfg = Debug|Any CPU
		{A0694340-F2A5-4425-9BD6-C698A3527FB5}.Debug|Any CPU.Build.0 = Debug|Any CPU
		{A0694340-F2A5-4425-9BD6-C698A3527FB5}.Release|Any CPU.ActiveCfg = Release|Any CPU
		{A0694340-F2A5-4425-9BD6-C698A3527FB5}.Release|Any CPU.Build.0 = Release|Any CPU
		{A1F481BF-65B2-4F03-AC7B-C187068134B5}.Debug|Any CPU.ActiveCfg = Debug|Any CPU
		{A1F481BF-65B2-4F03-AC7B-C187068134B5}.Debug|Any CPU.Build.0 = Debug|Any CPU
		{A1F481BF-65B2-4F03-AC7B-C187068134B5}.Release|Any CPU.ActiveCfg = Release|Any CPU
		{A1F481BF-65B2-4F03-AC7B-C187068134B5}.Release|Any CPU.Build.0 = Release|Any CPU
		{FC282338-7199-4C86-BA29-798DF60A557C}.Debug|Any CPU.ActiveCfg = Debug|Any CPU
		{FC282338-7199-4C86-BA29-798DF60A557C}.Debug|Any CPU.Build.0 = Debug|Any CPU
		{FC282338-7199-4C86-BA29-798DF60A557C}.Release|Any CPU.ActiveCfg = Release|Any CPU
		{FC282338-7199-4C86-BA29-798DF60A557C}.Release|Any CPU.Build.0 = Release|Any CPU
		{2A8C2E0C-EAF0-4A64-A5F4-89445CD594CD}.Debug|Any CPU.ActiveCfg = Debug|Any CPU
		{2A8C2E0C-EAF0-4A64-A5F4-89445CD594CD}.Debug|Any CPU.Build.0 = Debug|Any CPU
		{2A8C2E0C-EAF0-4A64-A5F4-89445CD594CD}.Release|Any CPU.ActiveCfg = Release|Any CPU
		{2A8C2E0C-EAF0-4A64-A5F4-89445CD594CD}.Release|Any CPU.Build.0 = Release|Any CPU
	EndGlobalSection
	GlobalSection(SolutionProperties) = preSolution
		HideSolutionNode = FALSE
	EndGlobalSection
	GlobalSection(NestedProjects) = preSolution
		{523F1869-987C-4B74-B8E0-23B6785351F8} = {AFD47536-04FC-4D8F-82BE-A8545703D0CF}
		{D1E09E94-B569-4E10-B2C8-3359B33DE1F0} = {AFD47536-04FC-4D8F-82BE-A8545703D0CF}
		{7A6FFF3C-86CB-4E37-A010-5F951E784257} = {AFD47536-04FC-4D8F-82BE-A8545703D0CF}
		{1125BA9E-0763-4D7D-8D2B-0E5EF1C9E610} = {AFD47536-04FC-4D8F-82BE-A8545703D0CF}
		{4B610653-E461-46D6-847C-0D82E0DEF8F5} = {AFD47536-04FC-4D8F-82BE-A8545703D0CF}
		{E8250D69-447A-456D-A59C-3A77C83AD325} = {AFD47536-04FC-4D8F-82BE-A8545703D0CF}
		{DA76A86C-C73A-4B44-B9C5-E4DEE23BE7E2} = {AFD47536-04FC-4D8F-82BE-A8545703D0CF}
		{9F008466-1999-4A8F-99D6-47088BC65F98} = {AFD47536-04FC-4D8F-82BE-A8545703D0CF}
		{AFBCF5B5-764A-4D1C-963E-A68BFA27A021} = {3ABECA3D-686E-4C25-86F7-453DB192C0DE}
		{939CB373-24B6-42DE-BE77-599EF58E2BEA} = {3ABECA3D-686E-4C25-86F7-453DB192C0DE}
		{262974B6-12F5-499D-9268-BC366A4DEE6F} = {939CB373-24B6-42DE-BE77-599EF58E2BEA}
		{8C0B52AD-690B-45AE-BE2D-3AF906F74983} = {939CB373-24B6-42DE-BE77-599EF58E2BEA}
		{D2A77433-0C64-40E7-83FA-AB091D792D65} = {3ABECA3D-686E-4C25-86F7-453DB192C0DE}
		{938C3671-7DA8-4727-A218-01D56DA2D840} = {D2A77433-0C64-40E7-83FA-AB091D792D65}
		{80E64D0B-608F-4C41-8B1E-D043088B380E} = {D9A94B6A-9196-4060-AEF8-1EA04D45FE67}
		{A0694340-F2A5-4425-9BD6-C698A3527FB5} = {D9A94B6A-9196-4060-AEF8-1EA04D45FE67}
		{A1F481BF-65B2-4F03-AC7B-C187068134B5} = {D9A94B6A-9196-4060-AEF8-1EA04D45FE67}
		{FC282338-7199-4C86-BA29-798DF60A557C} = {D9A94B6A-9196-4060-AEF8-1EA04D45FE67}
		{2A8C2E0C-EAF0-4A64-A5F4-89445CD594CD} = {D9A94B6A-9196-4060-AEF8-1EA04D45FE67}
	EndGlobalSection
	GlobalSection(ExtensibilityGlobals) = postSolution
		SolutionGuid = {101F2C01-F96B-4D9F-AD9A-2FE422F15D0C}
	EndGlobalSection
EndGlobal
