
Microsoft Visual Studio Solution File, Format Version 12.00
# Visual Studio Version 16
VisualStudioVersion = 16.0.28803.202
MinimumVisualStudioVersion = 10.0.40219.1
Project("{9A19103F-16F7-4668-BE54-9A1E7A4F7556}") = "tryCatch", "tryCatch\tryCatch.csproj", "{B6E5B5E4-6370-43AA-B51F-A2533235744C}"
EndProject
Project("{9A19103F-16F7-4668-BE54-9A1E7A4F7556}") = "ornekler", "ornekler\ornekler.csproj", "{6006B53A-E6F3-47A1-8B94-79BAC6FC2175}"
EndProject
Project("{9A19103F-16F7-4668-BE54-9A1E7A4F7556}") = "WinFormsAppPractice", "WinFormsAppPractice\WinFormsAppPractice.csproj", "{B37ED3ED-F4BE-4911-BC8D-FFD6259357AD}"
EndProject
Project("{9A19103F-16F7-4668-BE54-9A1E7A4F7556}") = "MethodsLecture", "MethodsLecture\MethodsLecture.csproj", "{3407BEFD-B700-4564-AC01-D232B982F21C}"
EndProject
Project("{9A19103F-16F7-4668-BE54-9A1E7A4F7556}") = "MetodDers2", "MetodDers2\MetodDers2.csproj", "{B9504F4E-A818-4C82-99C5-240B088E5BF5}"
EndProject
Project("{9A19103F-16F7-4668-BE54-9A1E7A4F7556}") = "WinSansur", "WinSansur\WinSansur.csproj", "{7F469695-DCE3-4B98-ACDA-CEF669FF3FBF}"
EndProject
Project("{9A19103F-16F7-4668-BE54-9A1E7A4F7556}") = "DateMethods", "DateMethods\DateMethods.csproj", "{921D5465-28B8-42E4-AB88-40A2DF6DD8E8}"
EndProject
Project("{9A19103F-16F7-4668-BE54-9A1E7A4F7556}") = "Sistem_IO", "Sistem_IO\Sistem_IO.csproj", "{0A2F66A7-56DE-4CCF-9963-61F3F2BC8417}"
EndProject
Project("{9A19103F-16F7-4668-BE54-9A1E7A4F7556}") = "NotePadProject", "NotePadProject\NotePadProject.csproj", "{70781CCC-AEBD-425D-8362-4403C184BA7C}"
EndProject
Project("{9A19103F-16F7-4668-BE54-9A1E7A4F7556}") = "PersonelTakip", "PersonelTakip\PersonelTakip.csproj", "{6ECD4BA0-EFA6-4F26-B136-348A94861B38}"
EndProject
Project("{2150E333-8FDC-42A3-9474-1A3956D46DE8}") = "OOP", "OOP", "{AFD47536-04FC-4D8F-82BE-A8545703D0CF}"
EndProject
Project("{9A19103F-16F7-4668-BE54-9A1E7A4F7556}") = "Inheritence", "Inheritence\Inheritence.csproj", "{523F1869-987C-4B74-B8E0-23B6785351F8}"
EndProject
Project("{9A19103F-16F7-4668-BE54-9A1E7A4F7556}") = "PolyMorphism", "PolyMorphism\PolyMorphism.csproj", "{D1E09E94-B569-4E10-B2C8-3359B33DE1F0}"
EndProject
Project("{9A19103F-16F7-4668-BE54-9A1E7A4F7556}") = "Abstraction", "Abstraction\Abstraction.csproj", "{7A6FFF3C-86CB-4E37-A010-5F951E784257}"
EndProject
Project("{9A19103F-16F7-4668-BE54-9A1E7A4F7556}") = "SRP", "SRP\SRP.csproj", "{1125BA9E-0763-4D7D-8D2B-0E5EF1C9E610}"
EndProject
Project("{9A19103F-16F7-4668-BE54-9A1E7A4F7556}") = "OCP", "OCP\OCP.csproj", "{4B610653-E461-46D6-847C-0D82E0DEF8F5}"
EndProject
Project("{9A19103F-16F7-4668-BE54-9A1E7A4F7556}") = "LSP", "LSP\LSP.csproj", "{E8250D69-447A-456D-A59C-3A77C83AD325}"
EndProject
Project("{9A19103F-16F7-4668-BE54-9A1E7A4F7556}") = "ISP", "ISP\ISP.csproj", "{DA76A86C-C73A-4B44-B9C5-E4DEE23BE7E2}"
EndProject
Project("{9A19103F-16F7-4668-BE54-9A1E7A4F7556}") = "DIP", "DIP\DIP.csproj", "{9F008466-1999-4A8F-99D6-47088BC65F98}"
EndProject
Project("{2150E333-8FDC-42A3-9474-1A3956D46DE8}") = "DesignPatterns", "DesignPatterns", "{3ABECA3D-686E-4C25-86F7-453DB192C0DE}"
EndProject
Project("{FAE04EC0-301F-11D3-BF4B-00C04F79EFBC}") = "CreationalDesignPattern", "CreationalDesignPattern\CreationalDesignPattern.csproj", "{AFBCF5B5-764A-4D1C-963E-A68BFA27A021}"
EndProject
Global
	GlobalSection(SolutionConfigurationPlatforms) = preSolution
		Debug|Any CPU = Debug|Any CPU
		Release|Any CPU = Release|Any CPU
	EndGlobalSection
	GlobalSection(ProjectConfigurationPlatforms) = postSolution
		{B6E5B5E4-6370-43AA-B51F-A2533235744C}.Debug|Any CPU.ActiveCfg = Debug|Any CPU
		{B6E5B5E4-6370-43AA-B51F-A2533235744C}.Debug|Any CPU.Build.0 = Debug|Any CPU
		{B6E5B5E4-6370-43AA-B51F-A2533235744C}.Release|Any CPU.ActiveCfg = Release|Any CPU
		{B6E5B5E4-6370-43AA-B51F-A2533235744C}.Release|Any CPU.Build.0 = Release|Any CPU
		{6006B53A-E6F3-47A1-8B94-79BAC6FC2175}.Debug|Any CPU.ActiveCfg = Debug|Any CPU
		{6006B53A-E6F3-47A1-8B94-79BAC6FC2175}.Debug|Any CPU.Build.0 = Debug|Any CPU
		{6006B53A-E6F3-47A1-8B94-79BAC6FC2175}.Release|Any CPU.ActiveCfg = Release|Any CPU
		{6006B53A-E6F3-47A1-8B94-79BAC6FC2175}.Release|Any CPU.Build.0 = Release|Any CPU
		{B37ED3ED-F4BE-4911-BC8D-FFD6259357AD}.Debug|Any CPU.ActiveCfg = Debug|Any CPU
		{B37ED3ED-F4BE-4911-BC8D-FFD6259357AD}.Debug|Any CPU.Build.0 = Debug|Any CPU
		{B37ED3ED-F4BE-4911-BC8D-FFD6259357AD}.Release|Any CPU.ActiveCfg = Release|Any CPU
		{B37ED3ED-F4BE-4911-BC8D-FFD6259357AD}.Release|Any CPU.Build.0 = Release|Any CPU
		{3407BEFD-B700-4564-AC01-D232B982F21C}.Debug|Any CPU.ActiveCfg = Debug|Any CPU
		{3407BEFD-B700-4564-AC01-D232B982F21C}.Debug|Any CPU.Build.0 = Debug|Any CPU
		{3407BEFD-B700-4564-AC01-D232B982F21C}.Release|Any CPU.ActiveCfg = Release|Any CPU
		{3407BEFD-B700-4564-AC01-D232B982F21C}.Release|Any CPU.Build.0 = Release|Any CPU
		{B9504F4E-A818-4C82-99C5-240B088E5BF5}.Debug|Any CPU.ActiveCfg = Debug|Any CPU
		{B9504F4E-A818-4C82-99C5-240B088E5BF5}.Debug|Any CPU.Build.0 = Debug|Any CPU
		{B9504F4E-A818-4C82-99C5-240B088E5BF5}.Release|Any CPU.ActiveCfg = Release|Any CPU
		{B9504F4E-A818-4C82-99C5-240B088E5BF5}.Release|Any CPU.Build.0 = Release|Any CPU
		{7F469695-DCE3-4B98-ACDA-CEF669FF3FBF}.Debug|Any CPU.ActiveCfg = Debug|Any CPU
		{7F469695-DCE3-4B98-ACDA-CEF669FF3FBF}.Debug|Any CPU.Build.0 = Debug|Any CPU
		{7F469695-DCE3-4B98-ACDA-CEF669FF3FBF}.Release|Any CPU.ActiveCfg = Release|Any CPU
		{7F469695-DCE3-4B98-ACDA-CEF669FF3FBF}.Release|Any CPU.Build.0 = Release|Any CPU
		{921D5465-28B8-42E4-AB88-40A2DF6DD8E8}.Debug|Any CPU.ActiveCfg = Debug|Any CPU
		{921D5465-28B8-42E4-AB88-40A2DF6DD8E8}.Debug|Any CPU.Build.0 = Debug|Any CPU
		{921D5465-28B8-42E4-AB88-40A2DF6DD8E8}.Release|Any CPU.ActiveCfg = Release|Any CPU
		{921D5465-28B8-42E4-AB88-40A2DF6DD8E8}.Release|Any CPU.Build.0 = Release|Any CPU
		{0A2F66A7-56DE-4CCF-9963-61F3F2BC8417}.Debug|Any CPU.ActiveCfg = Debug|Any CPU
		{0A2F66A7-56DE-4CCF-9963-61F3F2BC8417}.Debug|Any CPU.Build.0 = Debug|Any CPU
		{0A2F66A7-56DE-4CCF-9963-61F3F2BC8417}.Release|Any CPU.ActiveCfg = Release|Any CPU
		{0A2F66A7-56DE-4CCF-9963-61F3F2BC8417}.Release|Any CPU.Build.0 = Release|Any CPU
		{70781CCC-AEBD-425D-8362-4403C184BA7C}.Debug|Any CPU.ActiveCfg = Debug|Any CPU
		{70781CCC-AEBD-425D-8362-4403C184BA7C}.Debug|Any CPU.Build.0 = Debug|Any CPU
		{70781CCC-AEBD-425D-8362-4403C184BA7C}.Release|Any CPU.ActiveCfg = Release|Any CPU
		{70781CCC-AEBD-425D-8362-4403C184BA7C}.Release|Any CPU.Build.0 = Release|Any CPU
		{6ECD4BA0-EFA6-4F26-B136-348A94861B38}.Debug|Any CPU.ActiveCfg = Debug|Any CPU
		{6ECD4BA0-EFA6-4F26-B136-348A94861B38}.Debug|Any CPU.Build.0 = Debug|Any CPU
		{6ECD4BA0-EFA6-4F26-B136-348A94861B38}.Release|Any CPU.ActiveCfg = Release|Any CPU
		{6ECD4BA0-EFA6-4F26-B136-348A94861B38}.Release|Any CPU.Build.0 = Release|Any CPU
		{523F1869-987C-4B74-B8E0-23B6785351F8}.Debug|Any CPU.ActiveCfg = Debug|Any CPU
		{523F1869-987C-4B74-B8E0-23B6785351F8}.Debug|Any CPU.Build.0 = Debug|Any CPU
		{523F1869-987C-4B74-B8E0-23B6785351F8}.Release|Any CPU.ActiveCfg = Release|Any CPU
		{523F1869-987C-4B74-B8E0-23B6785351F8}.Release|Any CPU.Build.0 = Release|Any CPU
		{D1E09E94-B569-4E10-B2C8-3359B33DE1F0}.Debug|Any CPU.ActiveCfg = Debug|Any CPU
		{D1E09E94-B569-4E10-B2C8-3359B33DE1F0}.Debug|Any CPU.Build.0 = Debug|Any CPU
		{D1E09E94-B569-4E10-B2C8-3359B33DE1F0}.Release|Any CPU.ActiveCfg = Release|Any CPU
		{D1E09E94-B569-4E10-B2C8-3359B33DE1F0}.Release|Any CPU.Build.0 = Release|Any CPU
		{7A6FFF3C-86CB-4E37-A010-5F951E784257}.Debug|Any CPU.ActiveCfg = Debug|Any CPU
		{7A6FFF3C-86CB-4E37-A010-5F951E784257}.Debug|Any CPU.Build.0 = Debug|Any CPU
		{7A6FFF3C-86CB-4E37-A010-5F951E784257}.Release|Any CPU.ActiveCfg = Release|Any CPU
		{7A6FFF3C-86CB-4E37-A010-5F951E784257}.Release|Any CPU.Build.0 = Release|Any CPU
		{1125BA9E-0763-4D7D-8D2B-0E5EF1C9E610}.Debug|Any CPU.ActiveCfg = Debug|Any CPU
		{1125BA9E-0763-4D7D-8D2B-0E5EF1C9E610}.Debug|Any CPU.Build.0 = Debug|Any CPU
		{1125BA9E-0763-4D7D-8D2B-0E5EF1C9E610}.Release|Any CPU.ActiveCfg = Release|Any CPU
		{1125BA9E-0763-4D7D-8D2B-0E5EF1C9E610}.Release|Any CPU.Build.0 = Release|Any CPU
		{4B610653-E461-46D6-847C-0D82E0DEF8F5}.Debug|Any CPU.ActiveCfg = Debug|Any CPU
		{4B610653-E461-46D6-847C-0D82E0DEF8F5}.Debug|Any CPU.Build.0 = Debug|Any CPU
		{4B610653-E461-46D6-847C-0D82E0DEF8F5}.Release|Any CPU.ActiveCfg = Release|Any CPU
		{4B610653-E461-46D6-847C-0D82E0DEF8F5}.Release|Any CPU.Build.0 = Release|Any CPU
		{E8250D69-447A-456D-A59C-3A77C83AD325}.Debug|Any CPU.ActiveCfg = Debug|Any CPU
		{E8250D69-447A-456D-A59C-3A77C83AD325}.Debug|Any CPU.Build.0 = Debug|Any CPU
		{E8250D69-447A-456D-A59C-3A77C83AD325}.Release|Any CPU.ActiveCfg = Release|Any CPU
		{E8250D69-447A-456D-A59C-3A77C83AD325}.Release|Any CPU.Build.0 = Release|Any CPU
		{DA76A86C-C73A-4B44-B9C5-E4DEE23BE7E2}.Debug|Any CPU.ActiveCfg = Debug|Any CPU
		{DA76A86C-C73A-4B44-B9C5-E4DEE23BE7E2}.Debug|Any CPU.Build.0 = Debug|Any CPU
		{DA76A86C-C73A-4B44-B9C5-E4DEE23BE7E2}.Release|Any CPU.ActiveCfg = Release|Any CPU
		{DA76A86C-C73A-4B44-B9C5-E4DEE23BE7E2}.Release|Any CPU.Build.0 = Release|Any CPU
		{9F008466-1999-4A8F-99D6-47088BC65F98}.Debug|Any CPU.ActiveCfg = Debug|Any CPU
		{9F008466-1999-4A8F-99D6-47088BC65F98}.Debug|Any CPU.Build.0 = Debug|Any CPU
		{9F008466-1999-4A8F-99D6-47088BC65F98}.Release|Any CPU.ActiveCfg = Release|Any CPU
		{9F008466-1999-4A8F-99D6-47088BC65F98}.Release|Any CPU.Build.0 = Release|Any CPU
		{AFBCF5B5-764A-4D1C-963E-A68BFA27A021}.Debug|Any CPU.ActiveCfg = Debug|Any CPU
		{AFBCF5B5-764A-4D1C-963E-A68BFA27A021}.Debug|Any CPU.Build.0 = Debug|Any CPU
		{AFBCF5B5-764A-4D1C-963E-A68BFA27A021}.Release|Any CPU.ActiveCfg = Release|Any CPU
		{AFBCF5B5-764A-4D1C-963E-A68BFA27A021}.Release|Any CPU.Build.0 = Release|Any CPU
	EndGlobalSection
	GlobalSection(SolutionProperties) = preSolution
		HideSolutionNode = FALSE
	EndGlobalSection
	GlobalSection(NestedProjects) = preSolution
		{523F1869-987C-4B74-B8E0-23B6785351F8} = {AFD47536-04FC-4D8F-82BE-A8545703D0CF}
		{D1E09E94-B569-4E10-B2C8-3359B33DE1F0} = {AFD47536-04FC-4D8F-82BE-A8545703D0CF}
		{7A6FFF3C-86CB-4E37-A010-5F951E784257} = {AFD47536-04FC-4D8F-82BE-A8545703D0CF}
		{1125BA9E-0763-4D7D-8D2B-0E5EF1C9E610} = {AFD47536-04FC-4D8F-82BE-A8545703D0CF}
		{4B610653-E461-46D6-847C-0D82E0DEF8F5} = {AFD47536-04FC-4D8F-82BE-A8545703D0CF}
		{E8250D69-447A-456D-A59C-3A77C83AD325} = {AFD47536-04FC-4D8F-82BE-A8545703D0CF}
		{DA76A86C-C73A-4B44-B9C5-E4DEE23BE7E2} = {AFD47536-04FC-4D8F-82BE-A8545703D0CF}
		{9F008466-1999-4A8F-99D6-47088BC65F98} = {AFD47536-04FC-4D8F-82BE-A8545703D0CF}
		{AFBCF5B5-764A-4D1C-963E-A68BFA27A021} = {3ABECA3D-686E-4C25-86F7-453DB192C0DE}
	EndGlobalSection
	GlobalSection(ExtensibilityGlobals) = postSolution
		SolutionGuid = {101F2C01-F96B-4D9F-AD9A-2FE422F15D0C}
	EndGlobalSection
EndGlobal
