
Microsoft Visual Studio Solution File, Format Version 12.00
# Visual Studio Version 17
VisualStudioVersion = 17.1.32407.343
MinimumVisualStudioVersion = 10.0.40219.1
Project("{9A19103F-16F7-4668-BE54-9A1E7A4F7556}") = "tryCatch", "tryCatch\tryCatch.csproj", "{B6E5B5E4-6370-43AA-B51F-A2533235744C}"
EndProject
Project("{9A19103F-16F7-4668-BE54-9A1E7A4F7556}") = "ornekler", "ornekler\ornekler.csproj", "{6006B53A-E6F3-47A1-8B94-79BAC6FC2175}"
EndProject
Project("{9A19103F-16F7-4668-BE54-9A1E7A4F7556}") = "WinFormsAppPractice", "WinFormsAppPractice\WinFormsAppPractice.csproj", "{B37ED3ED-F4BE-4911-BC8D-FFD6259357AD}"
EndProject
Project("{9A19103F-16F7-4668-BE54-9A1E7A4F7556}") = "MethodsLecture", "MethodsLecture\MethodsLecture.csproj", "{3407BEFD-B700-4564-AC01-D232B982F21C}"
EndProject
Project("{FAE04EC0-301F-11D3-BF4B-00C04F79EFBC}") = "MetodDers2", "MetodDers2\MetodDers2.csproj", "{B9504F4E-A818-4C82-99C5-240B088E5BF5}"
EndProject
Global
	GlobalSection(SolutionConfigurationPlatforms) = preSolution
		Debug|Any CPU = Debug|Any CPU
		Release|Any CPU = Release|Any CPU
	EndGlobalSection
	GlobalSection(ProjectConfigurationPlatforms) = postSolution
		{B6E5B5E4-6370-43AA-B51F-A2533235744C}.Debug|Any CPU.ActiveCfg = Debug|Any CPU
		{B6E5B5E4-6370-43AA-B51F-A2533235744C}.Debug|Any CPU.Build.0 = Debug|Any CPU
		{B6E5B5E4-6370-43AA-B51F-A2533235744C}.Release|Any CPU.ActiveCfg = Release|Any CPU
		{B6E5B5E4-6370-43AA-B51F-A2533235744C}.Release|Any CPU.Build.0 = Release|Any CPU
		{6006B53A-E6F3-47A1-8B94-79BAC6FC2175}.Debug|Any CPU.ActiveCfg = Debug|Any CPU
		{6006B53A-E6F3-47A1-8B94-79BAC6FC2175}.Debug|Any CPU.Build.0 = Debug|Any CPU
		{6006B53A-E6F3-47A1-8B94-79BAC6FC2175}.Release|Any CPU.ActiveCfg = Release|Any CPU
		{6006B53A-E6F3-47A1-8B94-79BAC6FC2175}.Release|Any CPU.Build.0 = Release|Any CPU
		{B37ED3ED-F4BE-4911-BC8D-FFD6259357AD}.Debug|Any CPU.ActiveCfg = Debug|Any CPU
		{B37ED3ED-F4BE-4911-BC8D-FFD6259357AD}.Debug|Any CPU.Build.0 = Debug|Any CPU
		{B37ED3ED-F4BE-4911-BC8D-FFD6259357AD}.Release|Any CPU.ActiveCfg = Release|Any CPU
		{B37ED3ED-F4BE-4911-BC8D-FFD6259357AD}.Release|Any CPU.Build.0 = Release|Any CPU
		{3407BEFD-B700-4564-AC01-D232B982F21C}.Debug|Any CPU.ActiveCfg = Debug|Any CPU
		{3407BEFD-B700-4564-AC01-D232B982F21C}.Debug|Any CPU.Build.0 = Debug|Any CPU
		{3407BEFD-B700-4564-AC01-D232B982F21C}.Release|Any CPU.ActiveCfg = Release|Any CPU
		{3407BEFD-B700-4564-AC01-D232B982F21C}.Release|Any CPU.Build.0 = Release|Any CPU
		{B9504F4E-A818-4C82-99C5-240B088E5BF5}.Debug|Any CPU.ActiveCfg = Debug|Any CPU
		{B9504F4E-A818-4C82-99C5-240B088E5BF5}.Debug|Any CPU.Build.0 = Debug|Any CPU
		{B9504F4E-A818-4C82-99C5-240B088E5BF5}.Release|Any CPU.ActiveCfg = Release|Any CPU
		{B9504F4E-A818-4C82-99C5-240B088E5BF5}.Release|Any CPU.Build.0 = Release|Any CPU
	EndGlobalSection
	GlobalSection(SolutionProperties) = preSolution
		HideSolutionNode = FALSE
	EndGlobalSection
	GlobalSection(ExtensibilityGlobals) = postSolution
		SolutionGuid = {101F2C01-F96B-4D9F-AD9A-2FE422F15D0C}
	EndGlobalSection
EndGlobal
